// !$*UTF8*$!
{
	archiveVersion = 1;
	classes = {
	};
	objectVersion = 50;
	objects = {

/* Begin PBXBuildFile section */
		1882EB4122E0D32A000DA36B /* LogTableViewController.swift in Sources */ = {isa = PBXBuildFile; fileRef = 1882EB4022E0D32A000DA36B /* LogTableViewController.swift */; };
		1882EB4322E0D3D3000DA36B /* ToDo.swift in Sources */ = {isa = PBXBuildFile; fileRef = 1882EB4222E0D3D3000DA36B /* ToDo.swift */; };
		188EBE7D22DF9CFA0051D26E /* AppDelegate.swift in Sources */ = {isa = PBXBuildFile; fileRef = 188EBE7C22DF9CFA0051D26E /* AppDelegate.swift */; };
		188EBE7F22DF9CFA0051D26E /* ViewController.swift in Sources */ = {isa = PBXBuildFile; fileRef = 188EBE7E22DF9CFA0051D26E /* ViewController.swift */; };
		188EBE8222DF9CFA0051D26E /* Main.storyboard in Resources */ = {isa = PBXBuildFile; fileRef = 188EBE8022DF9CFA0051D26E /* Main.storyboard */; };
		188EBE8522DF9CFA0051D26E /* DontMindMe.xcdatamodeld in Sources */ = {isa = PBXBuildFile; fileRef = 188EBE8322DF9CFA0051D26E /* DontMindMe.xcdatamodeld */; };
		188EBE8722DF9CFA0051D26E /* Assets.xcassets in Resources */ = {isa = PBXBuildFile; fileRef = 188EBE8622DF9CFA0051D26E /* Assets.xcassets */; };
		188EBE8A22DF9CFA0051D26E /* LaunchScreen.storyboard in Resources */ = {isa = PBXBuildFile; fileRef = 188EBE8822DF9CFA0051D26E /* LaunchScreen.storyboard */; };
		188EBE9222DFDD310051D26E /* HotlineViewController.swift in Sources */ = {isa = PBXBuildFile; fileRef = 188EBE9122DFDD310051D26E /* HotlineViewController.swift */; };
		188EBE9422DFE4330051D26E /* CareTipsViewController.swift in Sources */ = {isa = PBXBuildFile; fileRef = 188EBE9322DFE4330051D26E /* CareTipsViewController.swift */; };
		18FB381D22E107FE003B13E9 /* LTTableViewController.swift in Sources */ = {isa = PBXBuildFile; fileRef = 18FB381C22E107FE003B13E9 /* LTTableViewController.swift */; };
/* End PBXBuildFile section */

/* Begin PBXFileReference section */
		1882EB4022E0D32A000DA36B /* LogTableViewController.swift */ = {isa = PBXFileReference; lastKnownFileType = sourcecode.swift; path = LogTableViewController.swift; sourceTree = "<group>"; };
		1882EB4222E0D3D3000DA36B /* ToDo.swift */ = {isa = PBXFileReference; lastKnownFileType = sourcecode.swift; path = ToDo.swift; sourceTree = "<group>"; };
		188EBE7922DF9CFA0051D26E /* DontMindMe.app */ = {isa = PBXFileReference; explicitFileType = wrapper.application; includeInIndex = 0; path = DontMindMe.app; sourceTree = BUILT_PRODUCTS_DIR; };
		188EBE7C22DF9CFA0051D26E /* AppDelegate.swift */ = {isa = PBXFileReference; lastKnownFileType = sourcecode.swift; path = AppDelegate.swift; sourceTree = "<group>"; };
		188EBE7E22DF9CFA0051D26E /* ViewController.swift */ = {isa = PBXFileReference; lastKnownFileType = sourcecode.swift; path = ViewController.swift; sourceTree = "<group>"; };
		188EBE8122DF9CFA0051D26E /* Base */ = {isa = PBXFileReference; lastKnownFileType = file.storyboard; name = Base; path = Base.lproj/Main.storyboard; sourceTree = "<group>"; };
		188EBE8422DF9CFA0051D26E /* DontMindMe.xcdatamodel */ = {isa = PBXFileReference; lastKnownFileType = wrapper.xcdatamodel; path = DontMindMe.xcdatamodel; sourceTree = "<group>"; };
		188EBE8622DF9CFA0051D26E /* Assets.xcassets */ = {isa = PBXFileReference; lastKnownFileType = folder.assetcatalog; path = Assets.xcassets; sourceTree = "<group>"; };
		188EBE8922DF9CFA0051D26E /* Base */ = {isa = PBXFileReference; lastKnownFileType = file.storyboard; name = Base; path = Base.lproj/LaunchScreen.storyboard; sourceTree = "<group>"; };
		188EBE8B22DF9CFA0051D26E /* Info.plist */ = {isa = PBXFileReference; lastKnownFileType = text.plist.xml; path = Info.plist; sourceTree = "<group>"; };
		188EBE9122DFDD310051D26E /* HotlineViewController.swift */ = {isa = PBXFileReference; lastKnownFileType = sourcecode.swift; path = HotlineViewController.swift; sourceTree = "<group>"; };
		188EBE9322DFE4330051D26E /* CareTipsViewController.swift */ = {isa = PBXFileReference; lastKnownFileType = sourcecode.swift; path = CareTipsViewController.swift; sourceTree = "<group>"; };
		18FB381C22E107FE003B13E9 /* LTTableViewController.swift */ = {isa = PBXFileReference; lastKnownFileType = sourcecode.swift; path = LTTableViewController.swift; sourceTree = "<group>"; };
/* End PBXFileReference section */

/* Begin PBXFrameworksBuildPhase section */
		188EBE7622DF9CFA0051D26E /* Frameworks */ = {
			isa = PBXFrameworksBuildPhase;
			buildActionMask = 2147483647;
			files = (
			);
			runOnlyForDeploymentPostprocessing = 0;
		};
/* End PBXFrameworksBuildPhase section */

/* Begin PBXGroup section */
		188EBE7022DF9CF90051D26E = {
			isa = PBXGroup;
			children = (
				188EBE7B22DF9CFA0051D26E /* DontMindMe */,
				188EBE7A22DF9CFA0051D26E /* Products */,
			);
			sourceTree = "<group>";
		};
		188EBE7A22DF9CFA0051D26E /* Products */ = {
			isa = PBXGroup;
			children = (
				188EBE7922DF9CFA0051D26E /* DontMindMe.app */,
			);
			name = Products;
			sourceTree = "<group>";
		};
		188EBE7B22DF9CFA0051D26E /* DontMindMe */ = {
			isa = PBXGroup;
			children = (
				188EBE7C22DF9CFA0051D26E /* AppDelegate.swift */,
				188EBE7E22DF9CFA0051D26E /* ViewController.swift */,
				188EBE9122DFDD310051D26E /* HotlineViewController.swift */,
				188EBE9322DFE4330051D26E /* CareTipsViewController.swift */,
				1882EB4022E0D32A000DA36B /* LogTableViewController.swift */,
				18FB381C22E107FE003B13E9 /* LTTableViewController.swift */,
				1882EB4222E0D3D3000DA36B /* ToDo.swift */,
				188EBE8022DF9CFA0051D26E /* Main.storyboard */,
				188EBE8622DF9CFA0051D26E /* Assets.xcassets */,
				188EBE8822DF9CFA0051D26E /* LaunchScreen.storyboard */,
				188EBE8B22DF9CFA0051D26E /* Info.plist */,
				188EBE8322DF9CFA0051D26E /* DontMindMe.xcdatamodeld */,
			);
			path = DontMindMe;
			sourceTree = "<group>";
		};
/* End PBXGroup section */

/* Begin PBXNativeTarget section */
		188EBE7822DF9CFA0051D26E /* DontMindMe */ = {
			isa = PBXNativeTarget;
			buildConfigurationList = 188EBE8E22DF9CFA0051D26E /* Build configuration list for PBXNativeTarget "DontMindMe" */;
			buildPhases = (
				188EBE7522DF9CFA0051D26E /* Sources */,
				188EBE7622DF9CFA0051D26E /* Frameworks */,
				188EBE7722DF9CFA0051D26E /* Resources */,
			);
			buildRules = (
			);
			dependencies = (
			);
			name = DontMindMe;
			productName = DontMindMe;
			productReference = 188EBE7922DF9CFA0051D26E /* DontMindMe.app */;
			productType = "com.apple.product-type.application";
		};
/* End PBXNativeTarget section */

/* Begin PBXProject section */
		188EBE7122DF9CF90051D26E /* Project object */ = {
			isa = PBXProject;
			attributes = {
				LastSwiftUpdateCheck = 1020;
				LastUpgradeCheck = 1020;
				ORGANIZATIONNAME = "Ellen McMillan";
				TargetAttributes = {
					188EBE7822DF9CFA0051D26E = {
						CreatedOnToolsVersion = 10.2.1;
					};
				};
			};
			buildConfigurationList = 188EBE7422DF9CF90051D26E /* Build configuration list for PBXProject "DontMindMe" */;
			compatibilityVersion = "Xcode 9.3";
			developmentRegion = en;
			hasScannedForEncodings = 0;
			knownRegions = (
				en,
				Base,
			);
			mainGroup = 188EBE7022DF9CF90051D26E;
			productRefGroup = 188EBE7A22DF9CFA0051D26E /* Products */;
			projectDirPath = "";
			projectRoot = "";
			targets = (
				188EBE7822DF9CFA0051D26E /* DontMindMe */,
			);
		};
/* End PBXProject section */

/* Begin PBXResourcesBuildPhase section */
		188EBE7722DF9CFA0051D26E /* Resources */ = {
			isa = PBXResourcesBuildPhase;
			buildActionMask = 2147483647;
			files = (
				188EBE8A22DF9CFA0051D26E /* LaunchScreen.storyboard in Resources */,
				188EBE8722DF9CFA0051D26E /* Assets.xcassets in Resources */,
				188EBE8222DF9CFA0051D26E /* Main.storyboard in Resources */,
			);
			runOnlyForDeploymentPostprocessing = 0;
		};
/* End PBXResourcesBuildPhase section */

/* Begin PBXSourcesBuildPhase section */
		188EBE7522DF9CFA0051D26E /* Sources */ = {
			isa = PBXSourcesBuildPhase;
			buildActionMask = 2147483647;
			files = (
				1882EB4122E0D32A000DA36B /* LogTableViewController.swift in Sources */,
				1882EB4322E0D3D3000DA36B /* ToDo.swift in Sources */,
				188EBE9222DFDD310051D26E /* HotlineViewController.swift in Sources */,
				188EBE8522DF9CFA0051D26E /* DontMindMe.xcdatamodeld in Sources */,
				188EBE7F22DF9CFA0051D26E /* ViewController.swift in Sources */,
				18FB381D22E107FE003B13E9 /* LTTableViewController.swift in Sources */,
				188EBE7D22DF9CFA0051D26E /* AppDelegate.swift in Sources */,
				188EBE9422DFE4330051D26E /* CareTipsViewController.swift in Sources */,
			);
			runOnlyForDeploymentPostprocessing = 0;
		};
/* End PBXSourcesBuildPhase section */

/* Begin PBXVariantGroup section */
		188EBE8022DF9CFA0051D26E /* Main.storyboard */ = {
			isa = PBXVariantGroup;
			children = (
				188EBE8122DF9CFA0051D26E /* Base */,
			);
			name = Main.storyboard;
			sourceTree = "<group>";
		};
		188EBE8822DF9CFA0051D26E /* LaunchScreen.storyboard */ = {
			isa = PBXVariantGroup;
			children = (
				188EBE8922DF9CFA0051D26E /* Base */,
			);
			name = LaunchScreen.storyboard;
			sourceTree = "<group>";
		};
/* End PBXVariantGroup section */

/* Begin XCBuildConfiguration section */
		188EBE8C22DF9CFA0051D26E /* Debug */ = {
			isa = XCBuildConfiguration;
			buildSettings = {
				ALWAYS_SEARCH_USER_PATHS = NO;
				CLANG_ANALYZER_NONNULL = YES;
				CLANG_ANALYZER_NUMBER_OBJECT_CONVERSION = YES_AGGRESSIVE;
				CLANG_CXX_LANGUAGE_STANDARD = "gnu++14";
				CLANG_CXX_LIBRARY = "libc++";
				CLANG_ENABLE_MODULES = YES;
				CLANG_ENABLE_OBJC_ARC = YES;
				CLANG_ENABLE_OBJC_WEAK = YES;
				CLANG_WARN_BLOCK_CAPTURE_AUTORELEASING = YES;
				CLANG_WARN_BOOL_CONVERSION = YES;
				CLANG_WARN_COMMA = YES;
				CLANG_WARN_CONSTANT_CONVERSION = YES;
				CLANG_WARN_DEPRECATED_OBJC_IMPLEMENTATIONS = YES;
				CLANG_WARN_DIRECT_OBJC_ISA_USAGE = YES_ERROR;
				CLANG_WARN_DOCUMENTATION_COMMENTS = YES;
				CLANG_WARN_EMPTY_BODY = YES;
				CLANG_WARN_ENUM_CONVERSION = YES;
				CLANG_WARN_INFINITE_RECURSION = YES;
				CLANG_WARN_INT_CONVERSION = YES;
				CLANG_WARN_NON_LITERAL_NULL_CONVERSION = YES;
				CLANG_WARN_OBJC_IMPLICIT_RETAIN_SELF = YES;
				CLANG_WARN_OBJC_LITERAL_CONVERSION = YES;
				CLANG_WARN_OBJC_ROOT_CLASS = YES_ERROR;
				CLANG_WARN_RANGE_LOOP_ANALYSIS = YES;
				CLANG_WARN_STRICT_PROTOTYPES = YES;
				CLANG_WARN_SUSPICIOUS_MOVE = YES;
				CLANG_WARN_UNGUARDED_AVAILABILITY = YES_AGGRESSIVE;
				CLANG_WARN_UNREACHABLE_CODE = YES;
				CLANG_WARN__DUPLICATE_METHOD_MATCH = YES;
				CODE_SIGN_IDENTITY = "iPhone Developer";
				COPY_PHASE_STRIP = NO;
				DEBUG_INFORMATION_FORMAT = dwarf;
				ENABLE_STRICT_OBJC_MSGSEND = YES;
				ENABLE_TESTABILITY = YES;
				GCC_C_LANGUAGE_STANDARD = gnu11;
				GCC_DYNAMIC_NO_PIC = NO;
				GCC_NO_COMMON_BLOCKS = YES;
				GCC_OPTIMIZATION_LEVEL = 0;
				GCC_PREPROCESSOR_DEFINITIONS = (
					"DEBUG=1",
					"$(inherited)",
				);
				GCC_WARN_64_TO_32_BIT_CONVERSION = YES;
				GCC_WARN_ABOUT_RETURN_TYPE = YES_ERROR;
				GCC_WARN_UNDECLARED_SELECTOR = YES;
				GCC_WARN_UNINITIALIZED_AUTOS = YES_AGGRESSIVE;
				GCC_WARN_UNUSED_FUNCTION = YES;
				GCC_WARN_UNUSED_VARIABLE = YES;
				IPHONEOS_DEPLOYMENT_TARGET = 12.2;
				MTL_ENABLE_DEBUG_INFO = INCLUDE_SOURCE;
				MTL_FAST_MATH = YES;
				ONLY_ACTIVE_ARCH = YES;
				SDKROOT = iphoneos;
				SWIFT_ACTIVE_COMPILATION_CONDITIONS = DEBUG;
				SWIFT_OPTIMIZATION_LEVEL = "-Onone";
			};
			name = Debug;
		};
		188EBE8D22DF9CFA0051D26E /* Release */ = {
			isa = XCBuildConfiguration;
			buildSettings = {
				ALWAYS_SEARCH_USER_PATHS = NO;
				CLANG_ANALYZER_NONNULL = YES;
				CLANG_ANALYZER_NUMBER_OBJECT_CONVERSION = YES_AGGRESSIVE;
				CLANG_CXX_LANGUAGE_STANDARD = "gnu++14";
				CLANG_CXX_LIBRARY = "libc++";
				CLANG_ENABLE_MODULES = YES;
				CLANG_ENABLE_OBJC_ARC = YES;
				CLANG_ENABLE_OBJC_WEAK = YES;
				CLANG_WARN_BLOCK_CAPTURE_AUTORELEASING = YES;
				CLANG_WARN_BOOL_CONVERSION = YES;
				CLANG_WARN_COMMA = YES;
				CLANG_WARN_CONSTANT_CONVERSION = YES;
				CLANG_WARN_DEPRECATED_OBJC_IMPLEMENTATIONS = YES;
				CLANG_WARN_DIRECT_OBJC_ISA_USAGE = YES_ERROR;
				CLANG_WARN_DOCUMENTATION_COMMENTS = YES;
				CLANG_WARN_EMPTY_BODY = YES;
				CLANG_WARN_ENUM_CONVERSION = YES;
				CLANG_WARN_INFINITE_RECURSION = YES;
				CLANG_WARN_INT_CONVERSION = YES;
				CLANG_WARN_NON_LITERAL_NULL_CONVERSION = YES;
				CLANG_WARN_OBJC_IMPLICIT_RETAIN_SELF = YES;
				CLANG_WARN_OBJC_LITERAL_CONVERSION = YES;
				CLANG_WARN_OBJC_ROOT_CLASS = YES_ERROR;
				CLANG_WARN_RANGE_LOOP_ANALYSIS = YES;
				CLANG_WARN_STRICT_PROTOTYPES = YES;
				CLANG_WARN_SUSPICIOUS_MOVE = YES;
				CLANG_WARN_UNGUARDED_AVAILABILITY = YES_AGGRESSIVE;
				CLANG_WARN_UNREACHABLE_CODE = YES;
				CLANG_WARN__DUPLICATE_METHOD_MATCH = YES;
				CODE_SIGN_IDENTITY = "iPhone Developer";
				COPY_PHASE_STRIP = NO;
				DEBUG_INFORMATION_FORMAT = "dwarf-with-dsym";
				ENABLE_NS_ASSERTIONS = NO;
				ENABLE_STRICT_OBJC_MSGSEND = YES;
				GCC_C_LANGUAGE_STANDARD = gnu11;
				GCC_NO_COMMON_BLOCKS = YES;
				GCC_WARN_64_TO_32_BIT_CONVERSION = YES;
				GCC_WARN_ABOUT_RETURN_TYPE = YES_ERROR;
				GCC_WARN_UNDECLARED_SELECTOR = YES;
				GCC_WARN_UNINITIALIZED_AUTOS = YES_AGGRESSIVE;
				GCC_WARN_UNUSED_FUNCTION = YES;
				GCC_WARN_UNUSED_VARIABLE = YES;
				IPHONEOS_DEPLOYMENT_TARGET = 12.2;
				MTL_ENABLE_DEBUG_INFO = NO;
				MTL_FAST_MATH = YES;
				SDKROOT = iphoneos;
				SWIFT_COMPILATION_MODE = wholemodule;
				SWIFT_OPTIMIZATION_LEVEL = "-O";
				VALIDATE_PRODUCT = YES;
			};
			name = Release;
		};
		188EBE8F22DF9CFA0051D26E /* Debug */ = {
			isa = XCBuildConfiguration;
			buildSettings = {
				ASSETCATALOG_COMPILER_APPICON_NAME = AppIcon;
				CODE_SIGN_STYLE = Automatic;
				INFOPLIST_FILE = DontMindMe/Info.plist;
				LD_RUNPATH_SEARCH_PATHS = (
					"$(inherited)",
					"@executable_path/Frameworks",
				);
				PRODUCT_BUNDLE_IDENTIFIER = KWK.DontMindMe;
				PRODUCT_NAME = "$(TARGET_NAME)";
				SWIFT_VERSION = 5.0;
				TARGETED_DEVICE_FAMILY = "1,2";
			};
			name = Debug;
		};
		188EBE9022DF9CFA0051D26E /* Release */ = {
			isa = XCBuildConfiguration;
			buildSettings = {
				ASSETCATALOG_COMPILER_APPICON_NAME = AppIcon;
				CODE_SIGN_STYLE = Automatic;
				INFOPLIST_FILE = DontMindMe/Info.plist;
				LD_RUNPATH_SEARCH_PATHS = (
					"$(inherited)",
					"@executable_path/Frameworks",
				);
				PRODUCT_BUNDLE_IDENTIFIER = KWK.DontMindMe;
				PRODUCT_NAME = "$(TARGET_NAME)";
				SWIFT_VERSION = 5.0;
				TARGETED_DEVICE_FAMILY = "1,2";
			};
			name = Release;
		};
/* End XCBuildConfiguration section */

/* Begin XCConfigurationList section */
		188EBE7422DF9CF90051D26E /* Build configuration list for PBXProject "DontMindMe" */ = {
			isa = XCConfigurationList;
			buildConfigurations = (
				188EBE8C22DF9CFA0051D26E /* Debug */,
				188EBE8D22DF9CFA0051D26E /* Release */,
			);
			defaultConfigurationIsVisible = 0;
			defaultConfigurationName = Release;
		};
		188EBE8E22DF9CFA0051D26E /* Build configuration list for PBXNativeTarget "DontMindMe" */ = {
			isa = XCConfigurationList;
			buildConfigurations = (
				188EBE8F22DF9CFA0051D26E /* Debug */,
				188EBE9022DF9CFA0051D26E /* Release */,
			);
			defaultConfigurationIsVisible = 0;
			defaultConfigurationName = Release;
		};
/* End XCConfigurationList section */

/* Begin XCVersionGroup section */
		188EBE8322DF9CFA0051D26E /* DontMindMe.xcdatamodeld */ = {
			isa = XCVersionGroup;
			children = (
				188EBE8422DF9CFA0051D26E /* DontMindMe.xcdatamodel */,
			);
			currentVersion = 188EBE8422DF9CFA0051D26E /* DontMindMe.xcdatamodel */;
			path = DontMindMe.xcdatamodeld;
			sourceTree = "<group>";
			versionGroupType = wrapper.xcdatamodel;
		};
/* End XCVersionGroup section */
	};
	rootObject = 188EBE7122DF9CF90051D26E /* Project object */;
}
